{
  "object": {
    "pins": [
      {
        "package": "Nocally",
        "repositoryURL": "/Users/martinhartl/Code/Nocally",
        "state": {
          "branch": "main",
          "revision": "7b153a6766cb60e668852a2f266b0ab76578b8f7",
          "version": null
        }
      }
    ]
  },
  "version": 1
}
