{
  "object": {
    "pins": [
      {
        "package": "Nocally",
        "repositoryURL": "/Users/martinhartl/Code/Nocally",
        "state": {
          "branch": "main",
          "revision": "2e8077670639be004970af7c654975a641459efc",
          "version": null
        }
      }
    ]
  },
  "version": 1
}
