// !$*UTF8*$!
{
	archiveVersion = 1;
	classes = {
	};
	objectVersion = 52;
	objects = {

/* Begin PBXBuildFile section */
		C56F35E825D797AE00FE11A6 /* NocallyExampleApp.swift in Sources */ = {isa = PBXBuildFile; fileRef = C56F35E725D797AE00FE11A6 /* NocallyExampleApp.swift */; };
		C56F35EA25D797AE00FE11A6 /* ContentView.swift in Sources */ = {isa = PBXBuildFile; fileRef = C56F35E925D797AE00FE11A6 /* ContentView.swift */; };
		C56F35EC25D797AF00FE11A6 /* Assets.xcassets in Resources */ = {isa = PBXBuildFile; fileRef = C56F35EB25D797AF00FE11A6 /* Assets.xcassets */; };
		C56F35EF25D797AF00FE11A6 /* Preview Assets.xcassets in Resources */ = {isa = PBXBuildFile; fileRef = C56F35EE25D797AF00FE11A6 /* Preview Assets.xcassets */; };
		C56F360525D79A6100FE11A6 /* Nocally in Frameworks */ = {isa = PBXBuildFile; productRef = C56F360425D79A6100FE11A6 /* Nocally */; };
/* End PBXBuildFile section */

/* Begin PBXFileReference section */
		C56F35E425D797AE00FE11A6 /* NocallyExample.app */ = {isa = PBXFileReference; explicitFileType = wrapper.application; includeInIndex = 0; path = NocallyExample.app; sourceTree = BUILT_PRODUCTS_DIR; };
		C56F35E725D797AE00FE11A6 /* NocallyExampleApp.swift */ = {isa = PBXFileReference; lastKnownFileType = sourcecode.swift; path = NocallyExampleApp.swift; sourceTree = "<group>"; };
		C56F35E925D797AE00FE11A6 /* ContentView.swift */ = {isa = PBXFileReference; lastKnownFileType = sourcecode.swift; path = ContentView.swift; sourceTree = "<group>"; };
		C56F35EB25D797AF00FE11A6 /* Assets.xcassets */ = {isa = PBXFileReference; lastKnownFileType = folder.assetcatalog; path = Assets.xcassets; sourceTree = "<group>"; };
		C56F35EE25D797AF00FE11A6 /* Preview Assets.xcassets */ = {isa = PBXFileReference; lastKnownFileType = folder.assetcatalog; path = "Preview Assets.xcassets"; sourceTree = "<group>"; };
		C56F35F025D797AF00FE11A6 /* Info.plist */ = {isa = PBXFileReference; lastKnownFileType = text.plist.xml; path = Info.plist; sourceTree = "<group>"; };
		C56F35FB25D7986000FE11A6 /* Package.swift */ = {isa = PBXFileReference; lastKnownFileType = sourcecode.swift; name = Package.swift; path = ../Package.swift; sourceTree = "<group>"; };
/* End PBXFileReference section */

/* Begin PBXFrameworksBuildPhase section */
		C56F35E125D797AE00FE11A6 /* Frameworks */ = {
			isa = PBXFrameworksBuildPhase;
			buildActionMask = 2147483647;
			files = (
				C56F360525D79A6100FE11A6 /* Nocally in Frameworks */,
			);
			runOnlyForDeploymentPostprocessing = 0;
		};
/* End PBXFrameworksBuildPhase section */

/* Begin PBXGroup section */
		C56F35DB25D797AE00FE11A6 = {
			isa = PBXGroup;
			children = (
				C56F35E625D797AE00FE11A6 /* NocallyExample */,
				C56F35E525D797AE00FE11A6 /* Products */,
				C56F35FA25D7986000FE11A6 /* Frameworks */,
			);
			sourceTree = "<group>";
		};
		C56F35E525D797AE00FE11A6 /* Products */ = {
			isa = PBXGroup;
			children = (
				C56F35E425D797AE00FE11A6 /* NocallyExample.app */,
			);
			name = Products;
			sourceTree = "<group>";
		};
		C56F35E625D797AE00FE11A6 /* NocallyExample */ = {
			isa = PBXGroup;
			children = (
				C56F35E725D797AE00FE11A6 /* NocallyExampleApp.swift */,
				C56F35E925D797AE00FE11A6 /* ContentView.swift */,
				C56F35EB25D797AF00FE11A6 /* Assets.xcassets */,
				C56F35F025D797AF00FE11A6 /* Info.plist */,
				C56F35ED25D797AF00FE11A6 /* Preview Content */,
			);
			path = NocallyExample;
			sourceTree = "<group>";
		};
		C56F35ED25D797AF00FE11A6 /* Preview Content */ = {
			isa = PBXGroup;
			children = (
				C56F35EE25D797AF00FE11A6 /* Preview Assets.xcassets */,
			);
			path = "Preview Content";
			sourceTree = "<group>";
		};
		C56F35FA25D7986000FE11A6 /* Frameworks */ = {
			isa = PBXGroup;
			children = (
				C56F35FB25D7986000FE11A6 /* Package.swift */,
			);
			name = Frameworks;
			sourceTree = "<group>";
		};
/* End PBXGroup section */

/* Begin PBXNativeTarget section */
		C56F35E325D797AE00FE11A6 /* NocallyExample */ = {
			isa = PBXNativeTarget;
			buildConfigurationList = C56F35F325D797AF00FE11A6 /* Build configuration list for PBXNativeTarget "NocallyExample" */;
			buildPhases = (
				C56F35E025D797AE00FE11A6 /* Sources */,
				C56F35E125D797AE00FE11A6 /* Frameworks */,
				C56F35E225D797AE00FE11A6 /* Resources */,
			);
			buildRules = (
			);
			dependencies = (
			);
			name = NocallyExample;
			packageProductDependencies = (
				C56F360425D79A6100FE11A6 /* Nocally */,
			);
			productName = NocallyExample;
			productReference = C56F35E425D797AE00FE11A6 /* NocallyExample.app */;
			productType = "com.apple.product-type.application";
		};
/* End PBXNativeTarget section */

/* Begin PBXProject section */
		C56F35DC25D797AE00FE11A6 /* Project object */ = {
			isa = PBXProject;
			attributes = {
				LastSwiftUpdateCheck = 1240;
				LastUpgradeCheck = 1240;
				TargetAttributes = {
					C56F35E325D797AE00FE11A6 = {
						CreatedOnToolsVersion = 12.4;
					};
				};
			};
			buildConfigurationList = C56F35DF25D797AE00FE11A6 /* Build configuration list for PBXProject "NocallyExample" */;
			compatibilityVersion = "Xcode 9.3";
			developmentRegion = en;
			hasScannedForEncodings = 0;
			knownRegions = (
				en,
				Base,
			);
			mainGroup = C56F35DB25D797AE00FE11A6;
			packageReferences = (
				C56F360325D79A6100FE11A6 /* XCRemoteSwiftPackageReference "." */,
			);
			productRefGroup = C56F35E525D797AE00FE11A6 /* Products */;
			projectDirPath = "";
			projectRoot = "";
			targets = (
				C56F35E325D797AE00FE11A6 /* NocallyExample */,
			);
		};
/* End PBXProject section */

/* Begin PBXResourcesBuildPhase section */
		C56F35E225D797AE00FE11A6 /* Resources */ = {
			isa = PBXResourcesBuildPhase;
			buildActionMask = 2147483647;
			files = (
				C56F35EF25D797AF00FE11A6 /* Preview Assets.xcassets in Resources */,
				C56F35EC25D797AF00FE11A6 /* Assets.xcassets in Resources */,
			);
			runOnlyForDeploymentPostprocessing = 0;
		};
/* End PBXResourcesBuildPhase section */

/* Begin PBXSourcesBuildPhase section */
		C56F35E025D797AE00FE11A6 /* Sources */ = {
			isa = PBXSourcesBuildPhase;
			buildActionMask = 2147483647;
			files = (
				C56F35EA25D797AE00FE11A6 /* ContentView.swift in Sources */,
				C56F35E825D797AE00FE11A6 /* NocallyExampleApp.swift in Sources */,
			);
			runOnlyForDeploymentPostprocessing = 0;
		};
/* End PBXSourcesBuildPhase section */

/* Begin XCBuildConfiguration section */
		C56F35F125D797AF00FE11A6 /* Debug */ = {
			isa = XCBuildConfiguration;
			buildSettings = {
				ALWAYS_SEARCH_USER_PATHS = NO;
				CLANG_ANALYZER_NONNULL = YES;
				CLANG_ANALYZER_NUMBER_OBJECT_CONVERSION = YES_AGGRESSIVE;
				CLANG_CXX_LANGUAGE_STANDARD = "gnu++14";
				CLANG_CXX_LIBRARY = "libc++";
				CLANG_ENABLE_MODULES = YES;
				CLANG_ENABLE_OBJC_ARC = YES;
				CLANG_ENABLE_OBJC_WEAK = YES;
				CLANG_WARN_BLOCK_CAPTURE_AUTORELEASING = YES;
				CLANG_WARN_BOOL_CONVERSION = YES;
				CLANG_WARN_COMMA = YES;
				CLANG_WARN_CONSTANT_CONVERSION = YES;
				CLANG_WARN_DEPRECATED_OBJC_IMPLEMENTATIONS = YES;
				CLANG_WARN_DIRECT_OBJC_ISA_USAGE = YES_ERROR;
				CLANG_WARN_DOCUMENTATION_COMMENTS = YES;
				CLANG_WARN_EMPTY_BODY = YES;
				CLANG_WARN_ENUM_CONVERSION = YES;
				CLANG_WARN_INFINITE_RECURSION = YES;
				CLANG_WARN_INT_CONVERSION = YES;
				CLANG_WARN_NON_LITERAL_NULL_CONVERSION = YES;
				CLANG_WARN_OBJC_IMPLICIT_RETAIN_SELF = YES;
				CLANG_WARN_OBJC_LITERAL_CONVERSION = YES;
				CLANG_WARN_OBJC_ROOT_CLASS = YES_ERROR;
				CLANG_WARN_QUOTED_INCLUDE_IN_FRAMEWORK_HEADER = YES;
				CLANG_WARN_RANGE_LOOP_ANALYSIS = YES;
				CLANG_WARN_STRICT_PROTOTYPES = YES;
				CLANG_WARN_SUSPICIOUS_MOVE = YES;
				CLANG_WARN_UNGUARDED_AVAILABILITY = YES_AGGRESSIVE;
				CLANG_WARN_UNREACHABLE_CODE = YES;
				CLANG_WARN__DUPLICATE_METHOD_MATCH = YES;
				COPY_PHASE_STRIP = NO;
				DEBUG_INFORMATION_FORMAT = dwarf;
				ENABLE_STRICT_OBJC_MSGSEND = YES;
				ENABLE_TESTABILITY = YES;
				GCC_C_LANGUAGE_STANDARD = gnu11;
				GCC_DYNAMIC_NO_PIC = NO;
				GCC_NO_COMMON_BLOCKS = YES;
				GCC_OPTIMIZATION_LEVEL = 0;
				GCC_PREPROCESSOR_DEFINITIONS = (
					"DEBUG=1",
					"$(inherited)",
				);
				GCC_WARN_64_TO_32_BIT_CONVERSION = YES;
				GCC_WARN_ABOUT_RETURN_TYPE = YES_ERROR;
				GCC_WARN_UNDECLARED_SELECTOR = YES;
				GCC_WARN_UNINITIALIZED_AUTOS = YES_AGGRESSIVE;
				GCC_WARN_UNUSED_FUNCTION = YES;
				GCC_WARN_UNUSED_VARIABLE = YES;
				IPHONEOS_DEPLOYMENT_TARGET = 15.0;
				MTL_ENABLE_DEBUG_INFO = INCLUDE_SOURCE;
				MTL_FAST_MATH = YES;
				ONLY_ACTIVE_ARCH = YES;
				SDKROOT = iphoneos;
				SWIFT_ACTIVE_COMPILATION_CONDITIONS = DEBUG;
				SWIFT_OPTIMIZATION_LEVEL = "-Onone";
			};
			name = Debug;
		};
		C56F35F225D797AF00FE11A6 /* Release */ = {
			isa = XCBuildConfiguration;
			buildSettings = {
				ALWAYS_SEARCH_USER_PATHS = NO;
				CLANG_ANALYZER_NONNULL = YES;
				CLANG_ANALYZER_NUMBER_OBJECT_CONVERSION = YES_AGGRESSIVE;
				CLANG_CXX_LANGUAGE_STANDARD = "gnu++14";
				CLANG_CXX_LIBRARY = "libc++";
				CLANG_ENABLE_MODULES = YES;
				CLANG_ENABLE_OBJC_ARC = YES;
				CLANG_ENABLE_OBJC_WEAK = YES;
				CLANG_WARN_BLOCK_CAPTURE_AUTORELEASING = YES;
				CLANG_WARN_BOOL_CONVERSION = YES;
				CLANG_WARN_COMMA = YES;
				CLANG_WARN_CONSTANT_CONVERSION = YES;
				CLANG_WARN_DEPRECATED_OBJC_IMPLEMENTATIONS = YES;
				CLANG_WARN_DIRECT_OBJC_ISA_USAGE = YES_ERROR;
				CLANG_WARN_DOCUMENTATION_COMMENTS = YES;
				CLANG_WARN_EMPTY_BODY = YES;
				CLANG_WARN_ENUM_CONVERSION = YES;
				CLANG_WARN_INFINITE_RECURSION = YES;
				CLANG_WARN_INT_CONVERSION = YES;
				CLANG_WARN_NON_LITERAL_NULL_CONVERSION = YES;
				CLANG_WARN_OBJC_IMPLICIT_RETAIN_SELF = YES;
				CLANG_WARN_OBJC_LITERAL_CONVERSION = YES;
				CLANG_WARN_OBJC_ROOT_CLASS = YES_ERROR;
				CLANG_WARN_QUOTED_INCLUDE_IN_FRAMEWORK_HEADER = YES;
				CLANG_WARN_RANGE_LOOP_ANALYSIS = YES;
				CLANG_WARN_STRICT_PROTOTYPES = YES;
				CLANG_WARN_SUSPICIOUS_MOVE = YES;
				CLANG_WARN_UNGUARDED_AVAILABILITY = YES_AGGRESSIVE;
				CLANG_WARN_UNREACHABLE_CODE = YES;
				CLANG_WARN__DUPLICATE_METHOD_MATCH = YES;
				COPY_PHASE_STRIP = NO;
				DEBUG_INFORMATION_FORMAT = "dwarf-with-dsym";
				ENABLE_NS_ASSERTIONS = NO;
				ENABLE_STRICT_OBJC_MSGSEND = YES;
				GCC_C_LANGUAGE_STANDARD = gnu11;
				GCC_NO_COMMON_BLOCKS = YES;
				GCC_WARN_64_TO_32_BIT_CONVERSION = YES;
				GCC_WARN_ABOUT_RETURN_TYPE = YES_ERROR;
				GCC_WARN_UNDECLARED_SELECTOR = YES;
				GCC_WARN_UNINITIALIZED_AUTOS = YES_AGGRESSIVE;
				GCC_WARN_UNUSED_FUNCTION = YES;
				GCC_WARN_UNUSED_VARIABLE = YES;
				IPHONEOS_DEPLOYMENT_TARGET = 15.0;
				MTL_ENABLE_DEBUG_INFO = NO;
				MTL_FAST_MATH = YES;
				SDKROOT = iphoneos;
				SWIFT_COMPILATION_MODE = wholemodule;
				SWIFT_OPTIMIZATION_LEVEL = "-O";
				VALIDATE_PRODUCT = YES;
			};
			name = Release;
		};
		C56F35F425D797AF00FE11A6 /* Debug */ = {
			isa = XCBuildConfiguration;
			buildSettings = {
				ASSETCATALOG_COMPILER_APPICON_NAME = AppIcon;
				ASSETCATALOG_COMPILER_GLOBAL_ACCENT_COLOR_NAME = AccentColor;
				CODE_SIGN_STYLE = Automatic;
				DEVELOPMENT_ASSET_PATHS = "";
				ENABLE_PREVIEWS = YES;
				INFOPLIST_FILE = NocallyExample/Info.plist;
				IPHONEOS_DEPLOYMENT_TARGET = 15.0;
				LD_RUNPATH_SEARCH_PATHS = (
					"$(inherited)",
					"@executable_path/Frameworks",
				);
				PRODUCT_BUNDLE_IDENTIFIER = co.hartl.NocallyExample;
				PRODUCT_NAME = "$(TARGET_NAME)";
				SWIFT_VERSION = 5.0;
				TARGETED_DEVICE_FAMILY = "1,2";
			};
			name = Debug;
		};
		C56F35F525D797AF00FE11A6 /* Release */ = {
			isa = XCBuildConfiguration;
			buildSettings = {
				ASSETCATALOG_COMPILER_APPICON_NAME = AppIcon;
				ASSETCATALOG_COMPILER_GLOBAL_ACCENT_COLOR_NAME = AccentColor;
				CODE_SIGN_STYLE = Automatic;
				DEVELOPMENT_ASSET_PATHS = "";
				ENABLE_PREVIEWS = YES;
				INFOPLIST_FILE = NocallyExample/Info.plist;
				IPHONEOS_DEPLOYMENT_TARGET = 15.0;
				LD_RUNPATH_SEARCH_PATHS = (
					"$(inherited)",
					"@executable_path/Frameworks",
				);
				PRODUCT_BUNDLE_IDENTIFIER = co.hartl.NocallyExample;
				PRODUCT_NAME = "$(TARGET_NAME)";
				SWIFT_VERSION = 5.0;
				TARGETED_DEVICE_FAMILY = "1,2";
			};
			name = Release;
		};
/* End XCBuildConfiguration section */

/* Begin XCConfigurationList section */
		C56F35DF25D797AE00FE11A6 /* Build configuration list for PBXProject "NocallyExample" */ = {
			isa = XCConfigurationList;
			buildConfigurations = (
				C56F35F125D797AF00FE11A6 /* Debug */,
				C56F35F225D797AF00FE11A6 /* Release */,
			);
			defaultConfigurationIsVisible = 0;
			defaultConfigurationName = Release;
		};
		C56F35F325D797AF00FE11A6 /* Build configuration list for PBXNativeTarget "NocallyExample" */ = {
			isa = XCConfigurationList;
			buildConfigurations = (
				C56F35F425D797AF00FE11A6 /* Debug */,
				C56F35F525D797AF00FE11A6 /* Release */,
			);
			defaultConfigurationIsVisible = 0;
			defaultConfigurationName = Release;
		};
/* End XCConfigurationList section */

/* Begin XCRemoteSwiftPackageReference section */
		C56F360325D79A6100FE11A6 /* XCRemoteSwiftPackageReference "." */ = {
			isa = XCRemoteSwiftPackageReference;
			repositoryURL = ../;
			requirement = {
				branch = main;
				kind = branch;
			};
		};
/* End XCRemoteSwiftPackageReference section */

/* Begin XCSwiftPackageProductDependency section */
		C56F360425D79A6100FE11A6 /* Nocally */ = {
			isa = XCSwiftPackageProductDependency;
			package = C56F360325D79A6100FE11A6 /* XCRemoteSwiftPackageReference "." */;
			productName = Nocally;
		};
/* End XCSwiftPackageProductDependency section */
	};
	rootObject = C56F35DC25D797AE00FE11A6 /* Project object */;
}
